
Microsoft Visual Studio Solution File, Format Version 12.00
# Visual Studio Version 17
VisualStudioVersion = 17.0.31903.59
MinimumVisualStudioVersion = 10.0.40219.1
Project("{FAE04EC0-301F-11D3-BF4B-00C04F79EFBC}") = "PaintStore.Models", "PaintStore.Models\PaintStore.Models.csproj", "{9EFE7787-5EAD-4308-BC3D-8ADA4E5D6314}"
EndProject
Project("{FAE04EC0-301F-11D3-BF4B-00C04F79EFBC}") = "PaintStore.API", "PaintStore.API\PaintStore.API.csproj", "{D25C2037-1B57-4022-B890-36F69B82D253}"
EndProject
Project("{FAE04EC0-301F-11D3-BF4B-00C04F79EFBC}") = "PaintStore.Services", "PaintStore.Services\PaintStore.Services.csproj", "{803755A6-0778-4241-88A5-416FFD8F8490}"
EndProject
Project("{FAE04EC0-301F-11D3-BF4B-00C04F79EFBC}") = "PaintStore.Repositories", "PaintStore.Repositories\PaintStore.Repositories.csproj", "{358D140B-92C7-46EC-B0C6-A8136EF91BFB}"
EndProject
Project("{FAE04EC0-301F-11D3-BF4B-00C04F79EFBC}") = "PaintStore.DataAccess", "PaintStore.DataAccess\PaintStore.DataAccess.csproj", "{79D9D6E2-20FC-47B9-8115-7B058C4CB78F}"
EndProject
Project("{FAE04EC0-301F-11D3-BF4B-00C04F79EFBC}") = "PaintStore.Tests", "PaintStore.Tests\PaintStore.Tests.csproj", "{678F4424-9A9F-43F5-AF27-E985822FFE1D}"
EndProject
Global
	GlobalSection(SolutionConfigurationPlatforms) = preSolution
		Debug|Any CPU = Debug|Any CPU
		Debug|x64 = Debug|x64
		Debug|x86 = Debug|x86
		Release|Any CPU = Release|Any CPU
		Release|x64 = Release|x64
		Release|x86 = Release|x86
	EndGlobalSection
	GlobalSection(ProjectConfigurationPlatforms) = postSolution
		{9EFE7787-5EAD-4308-BC3D-8ADA4E5D6314}.Debug|Any CPU.ActiveCfg = Debug|Any CPU
		{9EFE7787-5EAD-4308-BC3D-8ADA4E5D6314}.Debug|Any CPU.Build.0 = Debug|Any CPU
		{9EFE7787-5EAD-4308-BC3D-8ADA4E5D6314}.Debug|x64.ActiveCfg = Debug|Any CPU
		{9EFE7787-5EAD-4308-BC3D-8ADA4E5D6314}.Debug|x64.Build.0 = Debug|Any CPU
		{9EFE7787-5EAD-4308-BC3D-8ADA4E5D6314}.Debug|x86.ActiveCfg = Debug|Any CPU
		{9EFE7787-5EAD-4308-BC3D-8ADA4E5D6314}.Debug|x86.Build.0 = Debug|Any CPU
		{9EFE7787-5EAD-4308-BC3D-8ADA4E5D6314}.Release|Any CPU.ActiveCfg = Release|Any CPU
		{9EFE7787-5EAD-4308-BC3D-8ADA4E5D6314}.Release|Any CPU.Build.0 = Release|Any CPU
		{9EFE7787-5EAD-4308-BC3D-8ADA4E5D6314}.Release|x64.ActiveCfg = Release|Any CPU
		{9EFE7787-5EAD-4308-BC3D-8ADA4E5D6314}.Release|x64.Build.0 = Release|Any CPU
		{9EFE7787-5EAD-4308-BC3D-8ADA4E5D6314}.Release|x86.ActiveCfg = Release|Any CPU
		{9EFE7787-5EAD-4308-BC3D-8ADA4E5D6314}.Release|x86.Build.0 = Release|Any CPU
		{D25C2037-1B57-4022-B890-36F69B82D253}.Debug|Any CPU.ActiveCfg = Debug|Any CPU
		{D25C2037-1B57-4022-B890-36F69B82D253}.Debug|Any CPU.Build.0 = Debug|Any CPU
		{D25C2037-1B57-4022-B890-36F69B82D253}.Debug|x64.ActiveCfg = Debug|Any CPU
		{D25C2037-1B57-4022-B890-36F69B82D253}.Debug|x64.Build.0 = Debug|Any CPU
		{D25C2037-1B57-4022-B890-36F69B82D253}.Debug|x86.ActiveCfg = Debug|Any CPU
		{D25C2037-1B57-4022-B890-36F69B82D253}.Debug|x86.Build.0 = Debug|Any CPU
		{D25C2037-1B57-4022-B890-36F69B82D253}.Release|Any CPU.ActiveCfg = Release|Any CPU
		{D25C2037-1B57-4022-B890-36F69B82D253}.Release|Any CPU.Build.0 = Release|Any CPU
		{D25C2037-1B57-4022-B890-36F69B82D253}.Release|x64.ActiveCfg = Release|Any CPU
		{D25C2037-1B57-4022-B890-36F69B82D253}.Release|x64.Build.0 = Release|Any CPU
		{D25C2037-1B57-4022-B890-36F69B82D253}.Release|x86.ActiveCfg = Release|Any CPU
		{D25C2037-1B57-4022-B890-36F69B82D253}.Release|x86.Build.0 = Release|Any CPU
		{803755A6-0778-4241-88A5-416FFD8F8490}.Debug|Any CPU.ActiveCfg = Debug|Any CPU
		{803755A6-0778-4241-88A5-416FFD8F8490}.Debug|Any CPU.Build.0 = Debug|Any CPU
		{803755A6-0778-4241-88A5-416FFD8F8490}.Debug|x64.ActiveCfg = Debug|Any CPU
		{803755A6-0778-4241-88A5-416FFD8F8490}.Debug|x64.Build.0 = Debug|Any CPU
		{803755A6-0778-4241-88A5-416FFD8F8490}.Debug|x86.ActiveCfg = Debug|Any CPU
		{803755A6-0778-4241-88A5-416FFD8F8490}.Debug|x86.Build.0 = Debug|Any CPU
		{803755A6-0778-4241-88A5-416FFD8F8490}.Release|Any CPU.ActiveCfg = Release|Any CPU
		{803755A6-0778-4241-88A5-416FFD8F8490}.Release|Any CPU.Build.0 = Release|Any CPU
		{803755A6-0778-4241-88A5-416FFD8F8490}.Release|x64.ActiveCfg = Release|Any CPU
		{803755A6-0778-4241-88A5-416FFD8F8490}.Release|x64.Build.0 = Release|Any CPU
		{803755A6-0778-4241-88A5-416FFD8F8490}.Release|x86.ActiveCfg = Release|Any CPU
		{803755A6-0778-4241-88A5-416FFD8F8490}.Release|x86.Build.0 = Release|Any CPU
		{358D140B-92C7-46EC-B0C6-A8136EF91BFB}.Debug|Any CPU.ActiveCfg = Debug|Any CPU
		{358D140B-92C7-46EC-B0C6-A8136EF91BFB}.Debug|Any CPU.Build.0 = Debug|Any CPU
		{358D140B-92C7-46EC-B0C6-A8136EF91BFB}.Debug|x64.ActiveCfg = Debug|Any CPU
		{358D140B-92C7-46EC-B0C6-A8136EF91BFB}.Debug|x64.Build.0 = Debug|Any CPU
		{358D140B-92C7-46EC-B0C6-A8136EF91BFB}.Debug|x86.ActiveCfg = Debug|Any CPU
		{358D140B-92C7-46EC-B0C6-A8136EF91BFB}.Debug|x86.Build.0 = Debug|Any CPU
		{358D140B-92C7-46EC-B0C6-A8136EF91BFB}.Release|Any CPU.ActiveCfg = Release|Any CPU
		{358D140B-92C7-46EC-B0C6-A8136EF91BFB}.Release|Any CPU.Build.0 = Release|Any CPU
		{358D140B-92C7-46EC-B0C6-A8136EF91BFB}.Release|x64.ActiveCfg = Release|Any CPU
		{358D140B-92C7-46EC-B0C6-A8136EF91BFB}.Release|x64.Build.0 = Release|Any CPU
		{358D140B-92C7-46EC-B0C6-A8136EF91BFB}.Release|x86.ActiveCfg = Release|Any CPU
		{358D140B-92C7-46EC-B0C6-A8136EF91BFB}.Release|x86.Build.0 = Release|Any CPU
		{79D9D6E2-20FC-47B9-8115-7B058C4CB78F}.Debug|Any CPU.ActiveCfg = Debug|Any CPU
		{79D9D6E2-20FC-47B9-8115-7B058C4CB78F}.Debug|Any CPU.Build.0 = Debug|Any CPU
		{79D9D6E2-20FC-47B9-8115-7B058C4CB78F}.Debug|x64.ActiveCfg = Debug|Any CPU
		{79D9D6E2-20FC-47B9-8115-7B058C4CB78F}.Debug|x64.Build.0 = Debug|Any CPU
		{79D9D6E2-20FC-47B9-8115-7B058C4CB78F}.Debug|x86.ActiveCfg = Debug|Any CPU
		{79D9D6E2-20FC-47B9-8115-7B058C4CB78F}.Debug|x86.Build.0 = Debug|Any CPU
		{79D9D6E2-20FC-47B9-8115-7B058C4CB78F}.Release|Any CPU.ActiveCfg = Release|Any CPU
		{79D9D6E2-20FC-47B9-8115-7B058C4CB78F}.Release|Any CPU.Build.0 = Release|Any CPU
		{79D9D6E2-20FC-47B9-8115-7B058C4CB78F}.Release|x64.ActiveCfg = Release|Any CPU
		{79D9D6E2-20FC-47B9-8115-7B058C4CB78F}.Release|x64.Build.0 = Release|Any CPU
		{79D9D6E2-20FC-47B9-8115-7B058C4CB78F}.Release|x86.ActiveCfg = Release|Any CPU
		{79D9D6E2-20FC-47B9-8115-7B058C4CB78F}.Release|x86.Build.0 = Release|Any CPU
		{678F4424-9A9F-43F5-AF27-E985822FFE1D}.Debug|Any CPU.ActiveCfg = Debug|Any CPU
		{678F4424-9A9F-43F5-AF27-E985822FFE1D}.Debug|Any CPU.Build.0 = Debug|Any CPU
		{678F4424-9A9F-43F5-AF27-E985822FFE1D}.Debug|x64.ActiveCfg = Debug|Any CPU
		{678F4424-9A9F-43F5-AF27-E985822FFE1D}.Debug|x64.Build.0 = Debug|Any CPU
		{678F4424-9A9F-43F5-AF27-E985822FFE1D}.Debug|x86.ActiveCfg = Debug|Any CPU
		{678F4424-9A9F-43F5-AF27-E985822FFE1D}.Debug|x86.Build.0 = Debug|Any CPU
		{678F4424-9A9F-43F5-AF27-E985822FFE1D}.Release|Any CPU.ActiveCfg = Release|Any CPU
		{678F4424-9A9F-43F5-AF27-E985822FFE1D}.Release|Any CPU.Build.0 = Release|Any CPU
		{678F4424-9A9F-43F5-AF27-E985822FFE1D}.Release|x64.ActiveCfg = Release|Any CPU
		{678F4424-9A9F-43F5-AF27-E985822FFE1D}.Release|x64.Build.0 = Release|Any CPU
		{678F4424-9A9F-43F5-AF27-E985822FFE1D}.Release|x86.ActiveCfg = Release|Any CPU
		{678F4424-9A9F-43F5-AF27-E985822FFE1D}.Release|x86.Build.0 = Release|Any CPU
	EndGlobalSection
	GlobalSection(SolutionProperties) = preSolution
		HideSolutionNode = FALSE
	EndGlobalSection
EndGlobal
